
Microsoft Visual Studio Solution File, Format Version 12.00
# Visual Studio 15
VisualStudioVersion = 15.0.27428.2043
MinimumVisualStudioVersion = 10.0.40219.1
Project("{FAE04EC0-301F-11D3-BF4B-00C04F79EFBC}") = "EuropePeaceConvention", "EuropePeaceConvention\EuropePeaceConvention.csproj", "{02AF9F18-6128-422B-AF30-7A786060F4B5}"
EndProject
Global
	GlobalSection(SolutionConfigurationPlatforms) = preSolution
		Debug|Any CPU = Debug|Any CPU
		Release|Any CPU = Release|Any CPU
	EndGlobalSection
	GlobalSection(ProjectConfigurationPlatforms) = postSolution
		{02AF9F18-6128-422B-AF30-7A786060F4B5}.Debug|Any CPU.ActiveCfg = Debug|Any CPU
		{02AF9F18-6128-422B-AF30-7A786060F4B5}.Debug|Any CPU.Build.0 = Debug|Any CPU
		{02AF9F18-6128-422B-AF30-7A786060F4B5}.Release|Any CPU.ActiveCfg = Release|Any CPU
		{02AF9F18-6128-422B-AF30-7A786060F4B5}.Release|Any CPU.Build.0 = Release|Any CPU
	EndGlobalSection
	GlobalSection(SolutionProperties) = preSolution
		HideSolutionNode = FALSE
	EndGlobalSection
	GlobalSection(ExtensibilityGlobals) = postSolution
		SolutionGuid = {2D0B89B5-E66B-45E0-A2A3-E17BA67579C5}
	EndGlobalSection
EndGlobal
